
Microsoft Visual Studio Solution File, Format Version 12.00
Project("{FAE04EC0-301F-11D3-BF4B-00C04F79EFBC}") = "LineDraw-Console", "LineDraw-Console.csproj", "{93F4DFBD-FA6C-421A-B4AF-87CB75BDB0DA}"
EndProject
Global
	GlobalSection(SolutionConfigurationPlatforms) = preSolution
		Debug|Any CPU = Debug|Any CPU
		Release|Any CPU = Release|Any CPU
	EndGlobalSection
	GlobalSection(ProjectConfigurationPlatforms) = postSolution
		{93F4DFBD-FA6C-421A-B4AF-87CB75BDB0DA}.Debug|Any CPU.ActiveCfg = Debug|Any CPU
		{93F4DFBD-FA6C-421A-B4AF-87CB75BDB0DA}.Debug|Any CPU.Build.0 = Debug|Any CPU
		{93F4DFBD-FA6C-421A-B4AF-87CB75BDB0DA}.Release|Any CPU.ActiveCfg = Release|Any CPU
		{93F4DFBD-FA6C-421A-B4AF-87CB75BDB0DA}.Release|Any CPU.Build.0 = Release|Any CPU
	EndGlobalSection
EndGlobal
